<?xml version="1.0" encoding="utf-8"?>
<Project ToolsVersion="4.0" xmlns="http://schemas.microsoft.com/developer/msbuild/2003">
  <ItemGroup>
    <Filter Include="Source Files">
      <UniqueIdentifier>{4FC737F1-C7A5-4376-A066-2A32D752A2FF}</UniqueIdentifier>
      <Extensions>cpp;c;cc;cxx;c++;cppm;ixx;def;odl;idl;hpj;bat;asm;asmx</Extensions>
    </Filter>
    <Filter Include="Header Files">
      <UniqueIdentifier>{93995380-89BD-4b04-88EB-625FBE52EBFB}</UniqueIdentifier>
      <Extensions>h;hh;hpp;hxx;h++;hm;inl;inc;ipp;xsd</Extensions>
    </Filter>
    <Filter Include="Resource Files">
      <UniqueIdentifier>{67DA6AB6-F800-4c08-8B7A-83BB121AAD01}</UniqueIdentifier>
      <Extensions>rc;ico;cur;bmp;dlg;rc2;rct;bin;rgs;gif;jpg;jpeg;jpe;resx;tiff;tif;png;wav;mfcribbon-ms</Extensions>
    </Filter>
  </ItemGroup>
  <ItemGroup>
    <ClCompile Include="draw\Game.cpp">
      <Filter>Source Files</Filter>
    </ClCompile>
    <ClCompile Include="draw\gobj\Projection.cpp">
      <Filter>Source Files</Filter>
    </ClCompile>
    <ClCompile Include="draw\res\Materials.cpp">
      <Filter>Source Files</Filter>
    </ClCompile>
    <ClCompile Include="draw\res\Models.cpp">
      <Filter>Source Files</Filter>
    </ClCompile>
    <ClCompile Include="draw\res\Resource.cpp">
      <Filter>Source Files</Filter>
    </ClCompile>
    <ClCompile Include="draw\res\ShaderPipelines.cpp">
      <Filter>Source Files</Filter>
    </ClCompile>
    <ClCompile Include="draw\res\ShaderStages.cpp">
      <Filter>Source Files</Filter>
    </ClCompile>
    <ClCompile Include="draw\res\Textures.cpp">
      <Filter>Source Files</Filter>
    </ClCompile>
    <ClCompile Include="draw\Scene.cpp">
      <Filter>Source Files</Filter>
    </ClCompile>
    <ClCompile Include="draw\SceneRenderer.cpp">
      <Filter>Source Files</Filter>
    </ClCompile>
    <ClCompile Include="EntryPoint.cpp">
      <Filter>Source Files</Filter>
    </ClCompile>
    <ClCompile Include="game\FieldSetupScene.cpp">
      <Filter>Source Files</Filter>
    </ClCompile>
    <ClCompile Include="game\MenuScene.cpp">
      <Filter>Source Files</Filter>
    </ClCompile>
    <ClCompile Include="game\PlayScene.cpp">
      <Filter>Source Files</Filter>
    </ClCompile>
    <ClCompile Include="util\imemstream.cpp">
      <Filter>Source Files</Filter>
    </ClCompile>
    <ClCompile Include="impl\gladimpl.cpp">
      <Filter>Source Files</Filter>
    </ClCompile>
    <ClCompile Include="impl\imguiimpl.cpp">
      <Filter>Source Files</Filter>
    </ClCompile>
    <ClCompile Include="impl\miscimpl.cpp">
      <Filter>Source Files</Filter>
    </ClCompile>
    <ClCompile Include="NetworkCb.ixx">
      <Filter>Source Files</Filter>
    </ClCompile>
  </ItemGroup>
  <ItemGroup>
    <ClInclude Include="draw\Game.hpp">
      <Filter>Header Files</Filter>
    </ClInclude>
    <ClInclude Include="draw\gobj\Camera.hpp">
      <Filter>Header Files</Filter>
    </ClInclude>
    <ClInclude Include="draw\gobj\Projection.hpp">
      <Filter>Header Files</Filter>
    </ClInclude>
    <ClInclude Include="draw\gobj\SunLight.hpp">
      <Filter>Header Files</Filter>
    </ClInclude>
    <ClInclude Include="draw\res\Materials.hpp">
      <Filter>Header Files</Filter>
    </ClInclude>
    <ClInclude Include="draw\res\Models.hpp">
      <Filter>Header Files</Filter>
    </ClInclude>
    <ClInclude Include="draw\res\Resource.hpp">
      <Filter>Header Files</Filter>
    </ClInclude>
    <ClInclude Include="draw\res\ShaderPipelines.hpp">
      <Filter>Header Files</Filter>
    </ClInclude>
    <ClInclude Include="draw\res\ShaderStages.hpp">
      <Filter>Header Files</Filter>
    </ClInclude>
    <ClInclude Include="draw\res\Textures.hpp">
      <Filter>Header Files</Filter>
    </ClInclude>
    <ClInclude Include="draw\Scene.hpp">
      <Filter>Header Files</Filter>
    </ClInclude>
    <ClInclude Include="draw\SceneRenderer.hpp">
      <Filter>Header Files</Filter>
    </ClInclude>
    <ClInclude Include="draw\util\Buffers.hpp">
      <Filter>Header Files</Filter>
    </ClInclude>
    <ClInclude Include="draw\util\Vertex.hpp">
      <Filter>Header Files</Filter>
    </ClInclude>
    <ClInclude Include="game\FieldSetupScene.hpp">
      <Filter>Header Files</Filter>
    </ClInclude>
    <ClInclude Include="game\MenuScene.hpp">
      <Filter>Header Files</Filter>
    </ClInclude>
    <ClInclude Include="game\PlayScene.hpp">
      <Filter>Header Files</Filter>
    </ClInclude>
    <ClInclude Include="resource.h">
      <Filter>Header Files</Filter>
    </ClInclude>
    <ClInclude Include="util\fnv_hash.hpp">
      <Filter>Header Files</Filter>
    </ClInclude>
    <ClInclude Include="util\imemstream.hpp">
      <Filter>Header Files</Filter>
    </ClInclude>
  </ItemGroup>
  <ItemGroup>
    <ResourceCompile Include="client.rc">
      <Filter>Resource Files</Filter>
    </ResourceCompile>
  </ItemGroup>
  <ItemGroup>
    <None Include="res\models\water.obj" />
    <None Include="res\models\teapot.obj" />
  </ItemGroup>
</Project>