<?xml version="1.0" encoding="utf-8"?>
<Project ToolsVersion="4.0" xmlns="http://schemas.microsoft.com/developer/msbuild/2003">
  <ItemGroup>
    <Filter Include="Source Files">
      <UniqueIdentifier>{4FC737F1-C7A5-4376-A066-2A32D752A2FF}</UniqueIdentifier>
      <Extensions>cpp;c;cc;cxx;c++;cppm;ixx;def;odl;idl;hpj;bat;asm;asmx</Extensions>
    </Filter>
    <Filter Include="Header Files">
      <UniqueIdentifier>{93995380-89BD-4b04-88EB-625FBE52EBFB}</UniqueIdentifier>
      <Extensions>h;hh;hpp;hxx;h++;hm;inl;inc;ipp;xsd</Extensions>
    </Filter>
    <Filter Include="Resource Files">
      <UniqueIdentifier>{67DA6AB6-F800-4c08-8B7A-83BB121AAD01}</UniqueIdentifier>
      <Extensions>rc;ico;cur;bmp;dlg;rc2;rct;bin;rgs;gif;jpg;jpeg;jpe;resx;tiff;tif;png;wav;mfcribbon-ms</Extensions>
    </Filter>
    <Filter Include="Source Files\Implementations">
      <UniqueIdentifier>{e02b8ef1-c38e-4ccd-862d-b5d946b6c8ee}</UniqueIdentifier>
    </Filter>
    <Filter Include="Resource Files\Models">
      <UniqueIdentifier>{8e70461a-1510-4416-94da-809e1471f70c}</UniqueIdentifier>
    </Filter>
    <Filter Include="Resource Files\Shaders">
      <UniqueIdentifier>{6828f5dc-6d65-4eba-b40c-ab6fb0ba010a}</UniqueIdentifier>
    </Filter>
    <Filter Include="Source Files\GameObjects">
      <UniqueIdentifier>{867b37e0-c94a-4c8f-951f-1f224b80294e}</UniqueIdentifier>
    </Filter>
    <Filter Include="Source Files\State">
      <UniqueIdentifier>{31b80b73-7982-4568-945a-7bcb0b1cb636}</UniqueIdentifier>
    </Filter>
    <Filter Include="Source Files\Utility">
      <UniqueIdentifier>{0c306d0e-a230-464b-9575-e1bf75552bcc}</UniqueIdentifier>
    </Filter>
    <Filter Include="Source Files\Scenes">
      <UniqueIdentifier>{b23326fd-c40c-4c39-be37-60cec3e884a5}</UniqueIdentifier>
    </Filter>
    <Filter Include="Source Files\Network">
      <UniqueIdentifier>{3ed3484c-0497-43da-a679-5d18888f03aa}</UniqueIdentifier>
    </Filter>
  </ItemGroup>
  <ItemGroup>
    <ClCompile Include="impl\imguiimpl.cpp">
      <Filter>Source Files\Implementations</Filter>
    </ClCompile>
    <ClCompile Include="impl\gladimpl.cpp">
      <Filter>Source Files\Implementations</Filter>
    </ClCompile>
    <ClCompile Include="impl\miscimpl.cpp">
      <Filter>Source Files\Implementations</Filter>
    </ClCompile>
    <ClCompile Include="GameField.ixx">
      <Filter>Source Files\GameObjects</Filter>
    </ClCompile>
    <ClCompile Include="Window.ixx">
      <Filter>Source Files\State</Filter>
    </ClCompile>
    <ClCompile Include="Timings.ixx">
      <Filter>Source Files\State</Filter>
    </ClCompile>
    <ClCompile Include="Scene.ixx">
      <Filter>Source Files\State</Filter>
    </ClCompile>
    <ClCompile Include="Resources.ixx">
      <Filter>Source Files\State</Filter>
    </ClCompile>
    <ClCompile Include="DearImGUI.ixx">
      <Filter>Source Files\State</Filter>
    </ClCompile>
    <ClCompile Include="Engine.ixx">
      <Filter>Source Files\State</Filter>
    </ClCompile>
    <ClCompile Include="Renderer.ixx">
      <Filter>Source Files\Utility</Filter>
    </ClCompile>
    <ClCompile Include="RendererInput.ixx">
      <Filter>Source Files\Utility</Filter>
    </ClCompile>
    <ClCompile Include="Buffers.ixx">
      <Filter>Source Files\Utility</Filter>
    </ClCompile>
    <ClCompile Include="scenes\FieldSetupScene.ixx">
      <Filter>Source Files\Scenes</Filter>
    </ClCompile>
    <ClCompile Include="NetworkClientControl.ixx">
      <Filter>Source Files\Network</Filter>
    </ClCompile>
    <ClCompile Include="NetworkServerControl.ixx">
      <Filter>Source Files\Network</Filter>
    </ClCompile>
    <ClCompile Include="GameManagment.ixx">
      <Filter>Source Files</Filter>
    </ClCompile>
    <ClCompile Include="ShipInfo.ixx">
      <Filter>Source Files\Utility</Filter>
    </ClCompile>
    <ClCompile Include="LimaBase.ixx">
      <Filter>Source Files</Filter>
    </ClCompile>
    <ClCompile Include="EntryPoint.ixx">
      <Filter>Source Files</Filter>
    </ClCompile>
    <ClCompile Include="MenuScene.ixx">
      <Filter>Source Files\Scenes</Filter>
    </ClCompile>
  </ItemGroup>
  <ItemGroup>
    <ClInclude Include="resource.h">
      <Filter>Header Files</Filter>
    </ClInclude>
    <ClInclude Include="util\FNVHash.hpp">
      <Filter>Header Files</Filter>
    </ClInclude>
    <ClInclude Include="util\ShaderConstants.hpp">
      <Filter>Header Files</Filter>
    </ClInclude>
    <ClInclude Include="Vertex.hpp">
      <Filter>Header Files</Filter>
    </ClInclude>
    <ClInclude Include="BattleShip.h">
      <Filter>Header Files</Filter>
    </ClInclude>
  </ItemGroup>
  <ItemGroup>
    <ResourceCompile Include="client.rc">
      <Filter>Resource Files</Filter>
    </ResourceCompile>
  </ItemGroup>
  <ItemGroup>
    <None Include="res\models\teapot.obj">
      <Filter>Resource Files\Models</Filter>
    </None>
    <None Include="res\shaders\cel.frag">
      <Filter>Resource Files\Shaders</Filter>
    </None>
    <None Include="res\shaders\cel.vert">
      <Filter>Resource Files\Shaders</Filter>
    </None>
    <None Include="res\models\ship_destroyer.obj">
      <Filter>Resource Files\Models</Filter>
    </None>
    <None Include="res\models\ship_submarine.obj">
      <Filter>Resource Files\Models</Filter>
    </None>
    <None Include="res\models\ship_cruiser.obj">
      <Filter>Resource Files\Models</Filter>
    </None>
    <None Include="res\models\ship_carrier.obj">
      <Filter>Resource Files\Models</Filter>
    </None>
    <None Include="res\models\ship_battleship.obj">
      <Filter>Resource Files\Models</Filter>
    </None>
  </ItemGroup>
</Project>